{
  "name": "srivatsa-portfolio",
  "lockfileVersion": 3,
  "requires": true,
  "packages": {
    "": {
      "dependencies": {
        "@knadh/oat": "^0.2.0"
      }
    },
    "node_modules/@knadh/oat": {
      "version": "0.2.0",
      "resolved": "https://registry.npmjs.org/@knadh/oat/-/oat-0.2.0.tgz",
      "integrity": "sha512-vVBLJ89x9MlopBVJdbEwrJMcRJEUpD27uvPkZgFPj1qM4EQGXAak3DNI8+X61z6sMzdg1O2MfexspKbNaMcqQw==",
      "license": "MIT"
    }
  }
}
